
Microsoft Visual Studio Solution File, Format Version 12.00
# Visual Studio Version 16
VisualStudioVersion = 16.0.31729.503
MinimumVisualStudioVersion = 10.0.40219.1
Project("{FAE04EC0-301F-11D3-BF4B-00C04F79EFBC}") = "线程", "线程\线程.csproj", "{5E1257C5-0995-463A-8014-6E6D0C33D73C}"
EndProject
Global
	GlobalSection(SolutionConfigurationPlatforms) = preSolution
		Debug|Any CPU = Debug|Any CPU
		Release|Any CPU = Release|Any CPU
	EndGlobalSection
	GlobalSection(ProjectConfigurationPlatforms) = postSolution
		{5E1257C5-0995-463A-8014-6E6D0C33D73C}.Debug|Any CPU.ActiveCfg = Debug|Any CPU
		{5E1257C5-0995-463A-8014-6E6D0C33D73C}.Debug|Any CPU.Build.0 = Debug|Any CPU
		{5E1257C5-0995-463A-8014-6E6D0C33D73C}.Release|Any CPU.ActiveCfg = Release|Any CPU
		{5E1257C5-0995-463A-8014-6E6D0C33D73C}.Release|Any CPU.Build.0 = Release|Any CPU
	EndGlobalSection
	GlobalSection(SolutionProperties) = preSolution
		HideSolutionNode = FALSE
	EndGlobalSection
	GlobalSection(ExtensibilityGlobals) = postSolution
		SolutionGuid = {EA60B2F5-3B51-4A41-B8BD-CA5DA6178C47}
	EndGlobalSection
EndGlobal
